Microsoft Visual Studio Solution File, Format Version 11.00
# Visual Studio 2008

Project("{0B8BC756-0437-5AED-F56E-35955BA45FED}") = "GamesUI", "Assembly-CSharp.csproj", "{2D6D11EA-3E47-C07A-E776-1E4D1E416DDC}"
EndProject
Global
	GlobalSection(SolutionConfigurationPlatforms) = preSolution
		Debug|Any CPU = Debug|Any CPU
		Release|Any CPU = Release|Any CPU
	EndGlobalSection
	GlobalSection(ProjectConfigurationPlatforms) = postSolution
		{2D6D11EA-3E47-C07A-E776-1E4D1E416DDC}.Debug|Any CPU.ActiveCfg = Debug|Any CPU
		{2D6D11EA-3E47-C07A-E776-1E4D1E416DDC}.Debug|Any CPU.Build.0 = Debug|Any CPU
		{2D6D11EA-3E47-C07A-E776-1E4D1E416DDC}.Release|Any CPU.ActiveCfg = Release|Any CPU
		{2D6D11EA-3E47-C07A-E776-1E4D1E416DDC}.Release|Any CPU.Build.0 = Release|Any CPU
	EndGlobalSection
	GlobalSection(SolutionProperties) = preSolution
		HideSolutionNode = FALSE
	EndGlobalSection
	GlobalSection(MonoDevelopProperties) = preSolution
		StartupItem = Assembly-CSharp.csproj
	EndGlobalSection
EndGlobal
